
Microsoft Visual Studio Solution File, Format Version 12.00
# Visual Studio 15
VisualStudioVersion = 15.0.28010.2046
MinimumVisualStudioVersion = 10.0.40219.1
Project("{FAE04EC0-301F-11D3-BF4B-00C04F79EFBC}") = "BOM Creator GUI", "BOM Creator GUI\BOM Creator GUI.csproj", "{928A11E8-33D2-4035-A64D-2E601D8758B9}"
EndProject
Global
	GlobalSection(SolutionConfigurationPlatforms) = preSolution
		Debug|Any CPU = Debug|Any CPU
		Release|Any CPU = Release|Any CPU
	EndGlobalSection
	GlobalSection(ProjectConfigurationPlatforms) = postSolution
		{928A11E8-33D2-4035-A64D-2E601D8758B9}.Debug|Any CPU.ActiveCfg = Debug|Any CPU
		{928A11E8-33D2-4035-A64D-2E601D8758B9}.Debug|Any CPU.Build.0 = Debug|Any CPU
		{928A11E8-33D2-4035-A64D-2E601D8758B9}.Release|Any CPU.ActiveCfg = Release|Any CPU
		{928A11E8-33D2-4035-A64D-2E601D8758B9}.Release|Any CPU.Build.0 = Release|Any CPU
	EndGlobalSection
	GlobalSection(SolutionProperties) = preSolution
		HideSolutionNode = FALSE
	EndGlobalSection
	GlobalSection(ExtensibilityGlobals) = postSolution
		SolutionGuid = {6990BD2A-CA56-4FF0-AD86-671FC3F85202}
	EndGlobalSection
EndGlobal
